
Microsoft Visual Studio Solution File, Format Version 12.00
# Visual Studio Version 17
VisualStudioVersion = 17.2.32516.85
MinimumVisualStudioVersion = 10.0.40219.1
Project("{9A19103F-16F7-4668-BE54-9A1E7A4F7556}") = "ZipCodeTwTest", "ZipCodeTwTest\ZipCodeTwTest.csproj", "{60BFA3F6-2894-4741-8359-26528D743981}"
EndProject
Project("{9A19103F-16F7-4668-BE54-9A1E7A4F7556}") = "ZipCodeTwExe", "ZipCodeTwExe\ZipCodeTwExe.csproj", "{633C6817-F118-4BB9-8D0C-89A2D651B7ED}"
EndProject
Project("{9A19103F-16F7-4668-BE54-9A1E7A4F7556}") = "ZipCodeTwUtil", "ZipCodeTwUtil\ZipCodeTwUtil.csproj", "{6F17C377-4C14-45C7-9C65-92FC55485A2C}"
EndProject
Global
	GlobalSection(SolutionConfigurationPlatforms) = preSolution
		Debug|Any CPU = Debug|Any CPU
		Release|Any CPU = Release|Any CPU
	EndGlobalSection
	GlobalSection(ProjectConfigurationPlatforms) = postSolution
		{60BFA3F6-2894-4741-8359-26528D743981}.Debug|Any CPU.ActiveCfg = Debug|Any CPU
		{60BFA3F6-2894-4741-8359-26528D743981}.Debug|Any CPU.Build.0 = Debug|Any CPU
		{60BFA3F6-2894-4741-8359-26528D743981}.Release|Any CPU.ActiveCfg = Release|Any CPU
		{60BFA3F6-2894-4741-8359-26528D743981}.Release|Any CPU.Build.0 = Release|Any CPU
		{633C6817-F118-4BB9-8D0C-89A2D651B7ED}.Debug|Any CPU.ActiveCfg = Debug|Any CPU
		{633C6817-F118-4BB9-8D0C-89A2D651B7ED}.Debug|Any CPU.Build.0 = Debug|Any CPU
		{633C6817-F118-4BB9-8D0C-89A2D651B7ED}.Release|Any CPU.ActiveCfg = Release|Any CPU
		{633C6817-F118-4BB9-8D0C-89A2D651B7ED}.Release|Any CPU.Build.0 = Release|Any CPU
		{6F17C377-4C14-45C7-9C65-92FC55485A2C}.Debug|Any CPU.ActiveCfg = Debug|Any CPU
		{6F17C377-4C14-45C7-9C65-92FC55485A2C}.Debug|Any CPU.Build.0 = Debug|Any CPU
		{6F17C377-4C14-45C7-9C65-92FC55485A2C}.Release|Any CPU.ActiveCfg = Release|Any CPU
		{6F17C377-4C14-45C7-9C65-92FC55485A2C}.Release|Any CPU.Build.0 = Release|Any CPU
	EndGlobalSection
	GlobalSection(SolutionProperties) = preSolution
		HideSolutionNode = FALSE
	EndGlobalSection
	GlobalSection(ExtensibilityGlobals) = postSolution
		SolutionGuid = {707EF12D-3D59-47EB-962E-C40E41112293}
	EndGlobalSection
EndGlobal
